
Microsoft Visual Studio Solution File, Format Version 12.00
# Visual Studio 15
VisualStudioVersion = 15.0.27004.2005
MinimumVisualStudioVersion = 10.0.40219.1
Project("{2150E333-8FDC-42A3-9474-1A3956D46DE8}") = "Native", "Native", "{DE3759A2-7441-4C30-8B56-020ABA09EF1C}"
EndProject
Project("{2150E333-8FDC-42A3-9474-1A3956D46DE8}") = "Managed", "Managed", "{981A6663-3ACC-4F76-A230-AFF4D98EC79D}"
EndProject
Project("{FAE04EC0-301F-11D3-BF4B-00C04F79EFBC}") = "SharpFace", "SharpFace\SharpFace.csproj", "{B3A225B9-1A79-4330-9B4E-A3C4E07BBEAB}"
EndProject
Project("{2150E333-8FDC-42A3-9474-1A3956D46DE8}") = "Windows", "Windows", "{C91E7A4E-965F-4031-9D6C-5A2BFEB0887A}"
EndProject
Project("{2150E333-8FDC-42A3-9474-1A3956D46DE8}") = "Android", "Android", "{5EFD9769-F126-4EAE-A361-BA992D2C69EF}"
EndProject
Project("{8BC9CEB8-8B4A-11D0-8D11-00A0C91BC942}") = "LandmarkDetector.Windows", "LandmarkDetector.Windows\LandmarkDetector.Windows.vcxproj", "{BDC1D107-DE17-4705-8E7B-CDDE8BFB2BF8}"
EndProject
Project("{FAE04EC0-301F-11D3-BF4B-00C04F79EFBC}") = "SharpFace.Windows", "SharpFace.Windows\SharpFace.Windows.csproj", "{7A473BF1-AE5D-47FF-878E-E49112561CA3}"
	ProjectSection(ProjectDependencies) = postProject
		{BDC1D107-DE17-4705-8E7B-CDDE8BFB2BF8} = {BDC1D107-DE17-4705-8E7B-CDDE8BFB2BF8}
		{B3A225B9-1A79-4330-9B4E-A3C4E07BBEAB} = {B3A225B9-1A79-4330-9B4E-A3C4E07BBEAB}
	EndProjectSection
EndProject
Project("{8BC9CEB8-8B4A-11D0-8D11-00A0C91BC942}") = "LandmarkDetector.Droid", "LandmarkDetector.Droid\LandmarkDetector.Droid.vcxproj", "{470BD53A-6967-40AF-B88E-9AC2A56828B4}"
	ProjectSection(ProjectDependencies) = postProject
		{707296F9-6AEF-4548-A66D-4CF3E5795B1A} = {707296F9-6AEF-4548-A66D-4CF3E5795B1A}
	EndProjectSection
EndProject
Project("{8BC9CEB8-8B4A-11D0-8D11-00A0C91BC942}") = "dlib.Windows", "LandmarkDetector.Windows\external\dlib\dlib.Windows.vcxproj", "{B47A5F12-2567-44E9-AE49-35763EC82149}"
EndProject
Project("{8BC9CEB8-8B4A-11D0-8D11-00A0C91BC942}") = "dlib.Droid", "LandmarkDetector.Droid\external\dlib\dlib.Droid.vcxproj", "{0B3816AC-CB04-44D7-83CF-5F0E438DE302}"
EndProject
Project("{FAE04EC0-301F-11D3-BF4B-00C04F79EFBC}") = "SharpFace.Tests.Windows", "SharpFace.Tests.Windows\SharpFace.Tests.Windows.csproj", "{F846B396-F405-4A1C-B8F5-439CA047441C}"
EndProject
Project("{2150E333-8FDC-42A3-9474-1A3956D46DE8}") = "OpenCvSharp", "OpenCvSharp", "{BD5045FD-8BF0-421D-8252-4F30679ECDDC}"
EndProject
Project("{FAE04EC0-301F-11D3-BF4B-00C04F79EFBC}") = "OpenCvSharp", "OpenCvSharp\src\OpenCvSharp\OpenCvSharp.csproj", "{658C140F-2E73-4E22-80A7-F05DF0A83318}"
EndProject
Project("{FAE04EC0-301F-11D3-BF4B-00C04F79EFBC}") = "OpenCvSharp.Windows", "OpenCvSharp\src\OpenCvSharp.Windows\OpenCvSharp.Windows.csproj", "{D7856971-D877-4CB1-A08C-C2A763EBFAD1}"
	ProjectSection(ProjectDependencies) = postProject
		{8E7279F8-F801-4672-B42F-1ED2C68B16A4} = {8E7279F8-F801-4672-B42F-1ED2C68B16A4}
	EndProjectSection
EndProject
Project("{8BC9CEB8-8B4A-11D0-8D11-00A0C91BC942}") = "OpenCvSharpExtern", "OpenCvSharp\src\OpenCvSharpExtern\OpenCvSharpExtern.vcxproj", "{8E7279F8-F801-4672-B42F-1ED2C68B16A4}"
EndProject
Project("{8BC9CEB8-8B4A-11D0-8D11-00A0C91BC942}") = "LandmarkDetector.Windows.Test", "LandmarkDetector.Windows.Test\LandmarkDetector.Windows.Test.vcxproj", "{2098B6C7-05B3-431B-BB84-92B22519982B}"
EndProject
Project("{2150E333-8FDC-42A3-9474-1A3956D46DE8}") = "Tests", "Tests", "{33F17ABB-DBB3-4FD9-BECB-E2DF7076ED6C}"
EndProject
Project("{FAE04EC0-301F-11D3-BF4B-00C04F79EFBC}") = "SharpFace.Android", "SharpFace.Android\SharpFace.Android.csproj", "{95A85F6A-F038-4CC1-8AC9-058A30921A0E}"
EndProject
Project("{FAE04EC0-301F-11D3-BF4B-00C04F79EFBC}") = "SharpFace.Tests.Android", "SharpFace.Tests.Android\SharpFace.Tests.Android.csproj", "{F52A3BD0-37FD-4F4B-B7EB-D91B512983B0}"
EndProject
Project("{FAE04EC0-301F-11D3-BF4B-00C04F79EFBC}") = "OpenCvSharp.Android", "OpenCvSharp\src\OpenCvSharp.Android\OpenCvSharp.Android.csproj", "{F94F9E8A-E239-45EA-9C61-C7855C8B6F25}"
EndProject
Project("{8BC9CEB8-8B4A-11D0-8D11-00A0C91BC942}") = "OpenCvSharpExternDroid", "OpenCvSharp\src\OpenCvSharpExternDroid\OpenCvSharpExternDroid.vcxproj", "{707296F9-6AEF-4548-A66D-4CF3E5795B1A}"
EndProject
Project("{8BC9CEB8-8B4A-11D0-8D11-00A0C91BC942}") = "eastl.Windows", "LandmarkDetector.Windows\external\eastl\eastl.Windows.vcxproj", "{A1D82248-9B00-4269-9867-86A5C89C1966}"
EndProject
Global
	GlobalSection(SolutionConfigurationPlatforms) = preSolution
		Debug|Any CPU = Debug|Any CPU
		Debug|ARM = Debug|ARM
		Debug|ARM64 = Debug|ARM64
		Debug|x64 = Debug|x64
		Debug|x86 = Debug|x86
		Release|Any CPU = Release|Any CPU
		Release|ARM = Release|ARM
		Release|ARM64 = Release|ARM64
		Release|x64 = Release|x64
		Release|x86 = Release|x86
	EndGlobalSection
	GlobalSection(ProjectConfigurationPlatforms) = postSolution
		{B3A225B9-1A79-4330-9B4E-A3C4E07BBEAB}.Debug|Any CPU.ActiveCfg = Debug|Any CPU
		{B3A225B9-1A79-4330-9B4E-A3C4E07BBEAB}.Debug|Any CPU.Build.0 = Debug|Any CPU
		{B3A225B9-1A79-4330-9B4E-A3C4E07BBEAB}.Debug|ARM.ActiveCfg = Debug|Any CPU
		{B3A225B9-1A79-4330-9B4E-A3C4E07BBEAB}.Debug|ARM.Build.0 = Debug|Any CPU
		{B3A225B9-1A79-4330-9B4E-A3C4E07BBEAB}.Debug|ARM64.ActiveCfg = Debug|Any CPU
		{B3A225B9-1A79-4330-9B4E-A3C4E07BBEAB}.Debug|ARM64.Build.0 = Debug|Any CPU
		{B3A225B9-1A79-4330-9B4E-A3C4E07BBEAB}.Debug|x64.ActiveCfg = Debug|Any CPU
		{B3A225B9-1A79-4330-9B4E-A3C4E07BBEAB}.Debug|x64.Build.0 = Debug|Any CPU
		{B3A225B9-1A79-4330-9B4E-A3C4E07BBEAB}.Debug|x86.ActiveCfg = Debug|Any CPU
		{B3A225B9-1A79-4330-9B4E-A3C4E07BBEAB}.Debug|x86.Build.0 = Debug|Any CPU
		{B3A225B9-1A79-4330-9B4E-A3C4E07BBEAB}.Release|Any CPU.ActiveCfg = Release|Any CPU
		{B3A225B9-1A79-4330-9B4E-A3C4E07BBEAB}.Release|Any CPU.Build.0 = Release|Any CPU
		{B3A225B9-1A79-4330-9B4E-A3C4E07BBEAB}.Release|ARM.ActiveCfg = Release|Any CPU
		{B3A225B9-1A79-4330-9B4E-A3C4E07BBEAB}.Release|ARM.Build.0 = Release|Any CPU
		{B3A225B9-1A79-4330-9B4E-A3C4E07BBEAB}.Release|ARM64.ActiveCfg = Release|Any CPU
		{B3A225B9-1A79-4330-9B4E-A3C4E07BBEAB}.Release|ARM64.Build.0 = Release|Any CPU
		{B3A225B9-1A79-4330-9B4E-A3C4E07BBEAB}.Release|x64.ActiveCfg = Release|Any CPU
		{B3A225B9-1A79-4330-9B4E-A3C4E07BBEAB}.Release|x64.Build.0 = Release|Any CPU
		{B3A225B9-1A79-4330-9B4E-A3C4E07BBEAB}.Release|x86.ActiveCfg = Release|Any CPU
		{B3A225B9-1A79-4330-9B4E-A3C4E07BBEAB}.Release|x86.Build.0 = Release|Any CPU
		{BDC1D107-DE17-4705-8E7B-CDDE8BFB2BF8}.Debug|Any CPU.ActiveCfg = Debug|Win32
		{BDC1D107-DE17-4705-8E7B-CDDE8BFB2BF8}.Debug|Any CPU.Build.0 = Debug|Win32
		{BDC1D107-DE17-4705-8E7B-CDDE8BFB2BF8}.Debug|ARM.ActiveCfg = Debug|Win32
		{BDC1D107-DE17-4705-8E7B-CDDE8BFB2BF8}.Debug|ARM64.ActiveCfg = Debug|Win32
		{BDC1D107-DE17-4705-8E7B-CDDE8BFB2BF8}.Debug|x64.ActiveCfg = Release|x64
		{BDC1D107-DE17-4705-8E7B-CDDE8BFB2BF8}.Debug|x64.Build.0 = Release|x64
		{BDC1D107-DE17-4705-8E7B-CDDE8BFB2BF8}.Debug|x86.ActiveCfg = Debug|Win32
		{BDC1D107-DE17-4705-8E7B-CDDE8BFB2BF8}.Debug|x86.Build.0 = Debug|Win32
		{BDC1D107-DE17-4705-8E7B-CDDE8BFB2BF8}.Release|Any CPU.ActiveCfg = Release|Win32
		{BDC1D107-DE17-4705-8E7B-CDDE8BFB2BF8}.Release|ARM.ActiveCfg = Release|Win32
		{BDC1D107-DE17-4705-8E7B-CDDE8BFB2BF8}.Release|ARM64.ActiveCfg = Release|Win32
		{BDC1D107-DE17-4705-8E7B-CDDE8BFB2BF8}.Release|x64.ActiveCfg = Release|x64
		{BDC1D107-DE17-4705-8E7B-CDDE8BFB2BF8}.Release|x64.Build.0 = Release|x64
		{BDC1D107-DE17-4705-8E7B-CDDE8BFB2BF8}.Release|x86.ActiveCfg = Release|Win32
		{BDC1D107-DE17-4705-8E7B-CDDE8BFB2BF8}.Release|x86.Build.0 = Release|Win32
		{7A473BF1-AE5D-47FF-878E-E49112561CA3}.Debug|Any CPU.ActiveCfg = Debug|Any CPU
		{7A473BF1-AE5D-47FF-878E-E49112561CA3}.Debug|Any CPU.Build.0 = Debug|Any CPU
		{7A473BF1-AE5D-47FF-878E-E49112561CA3}.Debug|ARM.ActiveCfg = Debug|Any CPU
		{7A473BF1-AE5D-47FF-878E-E49112561CA3}.Debug|ARM.Build.0 = Debug|Any CPU
		{7A473BF1-AE5D-47FF-878E-E49112561CA3}.Debug|ARM64.ActiveCfg = Debug|Any CPU
		{7A473BF1-AE5D-47FF-878E-E49112561CA3}.Debug|ARM64.Build.0 = Debug|Any CPU
		{7A473BF1-AE5D-47FF-878E-E49112561CA3}.Debug|x64.ActiveCfg = Debug|x64
		{7A473BF1-AE5D-47FF-878E-E49112561CA3}.Debug|x64.Build.0 = Debug|x64
		{7A473BF1-AE5D-47FF-878E-E49112561CA3}.Debug|x86.ActiveCfg = Debug|Any CPU
		{7A473BF1-AE5D-47FF-878E-E49112561CA3}.Debug|x86.Build.0 = Debug|Any CPU
		{7A473BF1-AE5D-47FF-878E-E49112561CA3}.Release|Any CPU.ActiveCfg = Release|Any CPU
		{7A473BF1-AE5D-47FF-878E-E49112561CA3}.Release|Any CPU.Build.0 = Release|Any CPU
		{7A473BF1-AE5D-47FF-878E-E49112561CA3}.Release|ARM.ActiveCfg = Release|Any CPU
		{7A473BF1-AE5D-47FF-878E-E49112561CA3}.Release|ARM.Build.0 = Release|Any CPU
		{7A473BF1-AE5D-47FF-878E-E49112561CA3}.Release|ARM64.ActiveCfg = Release|Any CPU
		{7A473BF1-AE5D-47FF-878E-E49112561CA3}.Release|ARM64.Build.0 = Release|Any CPU
		{7A473BF1-AE5D-47FF-878E-E49112561CA3}.Release|x64.ActiveCfg = Release|x64
		{7A473BF1-AE5D-47FF-878E-E49112561CA3}.Release|x64.Build.0 = Release|x64
		{7A473BF1-AE5D-47FF-878E-E49112561CA3}.Release|x86.ActiveCfg = Release|Any CPU
		{7A473BF1-AE5D-47FF-878E-E49112561CA3}.Release|x86.Build.0 = Release|Any CPU
		{470BD53A-6967-40AF-B88E-9AC2A56828B4}.Debug|Any CPU.ActiveCfg = Debug|x86
		{470BD53A-6967-40AF-B88E-9AC2A56828B4}.Debug|Any CPU.Build.0 = Debug|x86
		{470BD53A-6967-40AF-B88E-9AC2A56828B4}.Debug|ARM.ActiveCfg = Debug|ARM
		{470BD53A-6967-40AF-B88E-9AC2A56828B4}.Debug|ARM.Build.0 = Debug|ARM
		{470BD53A-6967-40AF-B88E-9AC2A56828B4}.Debug|ARM64.ActiveCfg = Debug|ARM64
		{470BD53A-6967-40AF-B88E-9AC2A56828B4}.Debug|ARM64.Build.0 = Debug|ARM64
		{470BD53A-6967-40AF-B88E-9AC2A56828B4}.Debug|x64.ActiveCfg = Debug|x64
		{470BD53A-6967-40AF-B88E-9AC2A56828B4}.Debug|x64.Build.0 = Debug|x64
		{470BD53A-6967-40AF-B88E-9AC2A56828B4}.Debug|x86.ActiveCfg = Debug|x86
		{470BD53A-6967-40AF-B88E-9AC2A56828B4}.Debug|x86.Build.0 = Debug|x86
		{470BD53A-6967-40AF-B88E-9AC2A56828B4}.Release|Any CPU.ActiveCfg = Release|x86
		{470BD53A-6967-40AF-B88E-9AC2A56828B4}.Release|ARM.ActiveCfg = Release|ARM
		{470BD53A-6967-40AF-B88E-9AC2A56828B4}.Release|ARM.Build.0 = Release|ARM
		{470BD53A-6967-40AF-B88E-9AC2A56828B4}.Release|ARM64.ActiveCfg = Release|ARM64
		{470BD53A-6967-40AF-B88E-9AC2A56828B4}.Release|ARM64.Build.0 = Release|ARM64
		{470BD53A-6967-40AF-B88E-9AC2A56828B4}.Release|x64.ActiveCfg = Release|x64
		{470BD53A-6967-40AF-B88E-9AC2A56828B4}.Release|x64.Build.0 = Release|x64
		{470BD53A-6967-40AF-B88E-9AC2A56828B4}.Release|x86.ActiveCfg = Release|x86
		{470BD53A-6967-40AF-B88E-9AC2A56828B4}.Release|x86.Build.0 = Release|x86
		{B47A5F12-2567-44E9-AE49-35763EC82149}.Debug|Any CPU.ActiveCfg = Debug|Win32
		{B47A5F12-2567-44E9-AE49-35763EC82149}.Debug|ARM.ActiveCfg = Debug|Win32
		{B47A5F12-2567-44E9-AE49-35763EC82149}.Debug|ARM64.ActiveCfg = Debug|Win32
		{B47A5F12-2567-44E9-AE49-35763EC82149}.Debug|x64.ActiveCfg = Release|x64
		{B47A5F12-2567-44E9-AE49-35763EC82149}.Debug|x64.Build.0 = Release|x64
		{B47A5F12-2567-44E9-AE49-35763EC82149}.Debug|x86.ActiveCfg = Debug|Win32
		{B47A5F12-2567-44E9-AE49-35763EC82149}.Debug|x86.Build.0 = Debug|Win32
		{B47A5F12-2567-44E9-AE49-35763EC82149}.Release|Any CPU.ActiveCfg = Release|Win32
		{B47A5F12-2567-44E9-AE49-35763EC82149}.Release|ARM.ActiveCfg = Release|Win32
		{B47A5F12-2567-44E9-AE49-35763EC82149}.Release|ARM64.ActiveCfg = Release|Win32
		{B47A5F12-2567-44E9-AE49-35763EC82149}.Release|x64.ActiveCfg = Release|x64
		{B47A5F12-2567-44E9-AE49-35763EC82149}.Release|x64.Build.0 = Release|x64
		{B47A5F12-2567-44E9-AE49-35763EC82149}.Release|x86.ActiveCfg = Release|Win32
		{B47A5F12-2567-44E9-AE49-35763EC82149}.Release|x86.Build.0 = Release|Win32
		{0B3816AC-CB04-44D7-83CF-5F0E438DE302}.Debug|Any CPU.ActiveCfg = Debug|x86
		{0B3816AC-CB04-44D7-83CF-5F0E438DE302}.Debug|ARM.ActiveCfg = Debug|ARM
		{0B3816AC-CB04-44D7-83CF-5F0E438DE302}.Debug|ARM.Build.0 = Debug|ARM
		{0B3816AC-CB04-44D7-83CF-5F0E438DE302}.Debug|ARM64.ActiveCfg = Debug|ARM64
		{0B3816AC-CB04-44D7-83CF-5F0E438DE302}.Debug|ARM64.Build.0 = Debug|ARM64
		{0B3816AC-CB04-44D7-83CF-5F0E438DE302}.Debug|x64.ActiveCfg = Debug|x64
		{0B3816AC-CB04-44D7-83CF-5F0E438DE302}.Debug|x64.Build.0 = Debug|x64
		{0B3816AC-CB04-44D7-83CF-5F0E438DE302}.Debug|x86.ActiveCfg = Debug|x86
		{0B3816AC-CB04-44D7-83CF-5F0E438DE302}.Debug|x86.Build.0 = Debug|x86
		{0B3816AC-CB04-44D7-83CF-5F0E438DE302}.Release|Any CPU.ActiveCfg = Release|x86
		{0B3816AC-CB04-44D7-83CF-5F0E438DE302}.Release|ARM.ActiveCfg = Release|ARM
		{0B3816AC-CB04-44D7-83CF-5F0E438DE302}.Release|ARM.Build.0 = Release|ARM
		{0B3816AC-CB04-44D7-83CF-5F0E438DE302}.Release|ARM64.ActiveCfg = Release|ARM64
		{0B3816AC-CB04-44D7-83CF-5F0E438DE302}.Release|ARM64.Build.0 = Release|ARM64
		{0B3816AC-CB04-44D7-83CF-5F0E438DE302}.Release|x64.ActiveCfg = Release|x64
		{0B3816AC-CB04-44D7-83CF-5F0E438DE302}.Release|x64.Build.0 = Release|x64
		{0B3816AC-CB04-44D7-83CF-5F0E438DE302}.Release|x86.ActiveCfg = Release|x86
		{0B3816AC-CB04-44D7-83CF-5F0E438DE302}.Release|x86.Build.0 = Release|x86
		{F846B396-F405-4A1C-B8F5-439CA047441C}.Debug|Any CPU.ActiveCfg = Debug|Any CPU
		{F846B396-F405-4A1C-B8F5-439CA047441C}.Debug|Any CPU.Build.0 = Debug|Any CPU
		{F846B396-F405-4A1C-B8F5-439CA047441C}.Debug|ARM.ActiveCfg = Debug|Any CPU
		{F846B396-F405-4A1C-B8F5-439CA047441C}.Debug|ARM.Build.0 = Debug|Any CPU
		{F846B396-F405-4A1C-B8F5-439CA047441C}.Debug|ARM64.ActiveCfg = Debug|Any CPU
		{F846B396-F405-4A1C-B8F5-439CA047441C}.Debug|ARM64.Build.0 = Debug|Any CPU
		{F846B396-F405-4A1C-B8F5-439CA047441C}.Debug|x64.ActiveCfg = Debug|x64
		{F846B396-F405-4A1C-B8F5-439CA047441C}.Debug|x64.Build.0 = Debug|x64
		{F846B396-F405-4A1C-B8F5-439CA047441C}.Debug|x86.ActiveCfg = Debug|Any CPU
		{F846B396-F405-4A1C-B8F5-439CA047441C}.Debug|x86.Build.0 = Debug|Any CPU
		{F846B396-F405-4A1C-B8F5-439CA047441C}.Release|Any CPU.ActiveCfg = Release|Any CPU
		{F846B396-F405-4A1C-B8F5-439CA047441C}.Release|Any CPU.Build.0 = Release|Any CPU
		{F846B396-F405-4A1C-B8F5-439CA047441C}.Release|ARM.ActiveCfg = Release|Any CPU
		{F846B396-F405-4A1C-B8F5-439CA047441C}.Release|ARM.Build.0 = Release|Any CPU
		{F846B396-F405-4A1C-B8F5-439CA047441C}.Release|ARM64.ActiveCfg = Release|Any CPU
		{F846B396-F405-4A1C-B8F5-439CA047441C}.Release|ARM64.Build.0 = Release|Any CPU
		{F846B396-F405-4A1C-B8F5-439CA047441C}.Release|x64.ActiveCfg = Release|x64
		{F846B396-F405-4A1C-B8F5-439CA047441C}.Release|x64.Build.0 = Release|x64
		{F846B396-F405-4A1C-B8F5-439CA047441C}.Release|x86.ActiveCfg = Release|Any CPU
		{F846B396-F405-4A1C-B8F5-439CA047441C}.Release|x86.Build.0 = Release|Any CPU
		{658C140F-2E73-4E22-80A7-F05DF0A83318}.Debug|Any CPU.ActiveCfg = Debug|Any CPU
		{658C140F-2E73-4E22-80A7-F05DF0A83318}.Debug|Any CPU.Build.0 = Debug|Any CPU
		{658C140F-2E73-4E22-80A7-F05DF0A83318}.Debug|ARM.ActiveCfg = Debug|Any CPU
		{658C140F-2E73-4E22-80A7-F05DF0A83318}.Debug|ARM.Build.0 = Debug|Any CPU
		{658C140F-2E73-4E22-80A7-F05DF0A83318}.Debug|ARM64.ActiveCfg = Debug|Any CPU
		{658C140F-2E73-4E22-80A7-F05DF0A83318}.Debug|ARM64.Build.0 = Debug|Any CPU
		{658C140F-2E73-4E22-80A7-F05DF0A83318}.Debug|x64.ActiveCfg = Debug|Any CPU
		{658C140F-2E73-4E22-80A7-F05DF0A83318}.Debug|x64.Build.0 = Debug|Any CPU
		{658C140F-2E73-4E22-80A7-F05DF0A83318}.Debug|x86.ActiveCfg = Debug|Any CPU
		{658C140F-2E73-4E22-80A7-F05DF0A83318}.Debug|x86.Build.0 = Debug|Any CPU
		{658C140F-2E73-4E22-80A7-F05DF0A83318}.Release|Any CPU.ActiveCfg = Release|Any CPU
		{658C140F-2E73-4E22-80A7-F05DF0A83318}.Release|Any CPU.Build.0 = Release|Any CPU
		{658C140F-2E73-4E22-80A7-F05DF0A83318}.Release|ARM.ActiveCfg = Release|Any CPU
		{658C140F-2E73-4E22-80A7-F05DF0A83318}.Release|ARM.Build.0 = Release|Any CPU
		{658C140F-2E73-4E22-80A7-F05DF0A83318}.Release|ARM64.ActiveCfg = Release|Any CPU
		{658C140F-2E73-4E22-80A7-F05DF0A83318}.Release|ARM64.Build.0 = Release|Any CPU
		{658C140F-2E73-4E22-80A7-F05DF0A83318}.Release|x64.ActiveCfg = Release|Any CPU
		{658C140F-2E73-4E22-80A7-F05DF0A83318}.Release|x64.Build.0 = Release|Any CPU
		{658C140F-2E73-4E22-80A7-F05DF0A83318}.Release|x86.ActiveCfg = Release|Any CPU
		{658C140F-2E73-4E22-80A7-F05DF0A83318}.Release|x86.Build.0 = Release|Any CPU
		{D7856971-D877-4CB1-A08C-C2A763EBFAD1}.Debug|Any CPU.ActiveCfg = Debug|x64
		{D7856971-D877-4CB1-A08C-C2A763EBFAD1}.Debug|Any CPU.Build.0 = Debug|x64
		{D7856971-D877-4CB1-A08C-C2A763EBFAD1}.Debug|ARM.ActiveCfg = Debug|Any CPU
		{D7856971-D877-4CB1-A08C-C2A763EBFAD1}.Debug|ARM.Build.0 = Debug|Any CPU
		{D7856971-D877-4CB1-A08C-C2A763EBFAD1}.Debug|ARM64.ActiveCfg = Debug|Any CPU
		{D7856971-D877-4CB1-A08C-C2A763EBFAD1}.Debug|ARM64.Build.0 = Debug|Any CPU
		{D7856971-D877-4CB1-A08C-C2A763EBFAD1}.Debug|x64.ActiveCfg = Debug|x64
		{D7856971-D877-4CB1-A08C-C2A763EBFAD1}.Debug|x64.Build.0 = Debug|x64
		{D7856971-D877-4CB1-A08C-C2A763EBFAD1}.Debug|x86.ActiveCfg = Debug|x64
		{D7856971-D877-4CB1-A08C-C2A763EBFAD1}.Debug|x86.Build.0 = Debug|x64
		{D7856971-D877-4CB1-A08C-C2A763EBFAD1}.Release|Any CPU.ActiveCfg = Release|Any CPU
		{D7856971-D877-4CB1-A08C-C2A763EBFAD1}.Release|Any CPU.Build.0 = Release|Any CPU
		{D7856971-D877-4CB1-A08C-C2A763EBFAD1}.Release|ARM.ActiveCfg = Release|Any CPU
		{D7856971-D877-4CB1-A08C-C2A763EBFAD1}.Release|ARM.Build.0 = Release|Any CPU
		{D7856971-D877-4CB1-A08C-C2A763EBFAD1}.Release|ARM64.ActiveCfg = Release|Any CPU
		{D7856971-D877-4CB1-A08C-C2A763EBFAD1}.Release|ARM64.Build.0 = Release|Any CPU
		{D7856971-D877-4CB1-A08C-C2A763EBFAD1}.Release|x64.ActiveCfg = Release|x64
		{D7856971-D877-4CB1-A08C-C2A763EBFAD1}.Release|x64.Build.0 = Release|x64
		{D7856971-D877-4CB1-A08C-C2A763EBFAD1}.Release|x86.ActiveCfg = Release|Any CPU
		{D7856971-D877-4CB1-A08C-C2A763EBFAD1}.Release|x86.Build.0 = Release|Any CPU
		{8E7279F8-F801-4672-B42F-1ED2C68B16A4}.Debug|Any CPU.ActiveCfg = Release|x64
		{8E7279F8-F801-4672-B42F-1ED2C68B16A4}.Debug|Any CPU.Build.0 = Release|x64
		{8E7279F8-F801-4672-B42F-1ED2C68B16A4}.Debug|ARM.ActiveCfg = Release|x64
		{8E7279F8-F801-4672-B42F-1ED2C68B16A4}.Debug|ARM.Build.0 = Release|x64
		{8E7279F8-F801-4672-B42F-1ED2C68B16A4}.Debug|ARM64.ActiveCfg = Release|x64
		{8E7279F8-F801-4672-B42F-1ED2C68B16A4}.Debug|ARM64.Build.0 = Release|x64
		{8E7279F8-F801-4672-B42F-1ED2C68B16A4}.Debug|x64.ActiveCfg = Release|x64
		{8E7279F8-F801-4672-B42F-1ED2C68B16A4}.Debug|x64.Build.0 = Release|x64
		{8E7279F8-F801-4672-B42F-1ED2C68B16A4}.Debug|x86.ActiveCfg = Release|x64
		{8E7279F8-F801-4672-B42F-1ED2C68B16A4}.Debug|x86.Build.0 = Release|x64
		{8E7279F8-F801-4672-B42F-1ED2C68B16A4}.Release|Any CPU.ActiveCfg = Release|Win32
		{8E7279F8-F801-4672-B42F-1ED2C68B16A4}.Release|ARM.ActiveCfg = Release|Win32
		{8E7279F8-F801-4672-B42F-1ED2C68B16A4}.Release|ARM64.ActiveCfg = Release|Win32
		{8E7279F8-F801-4672-B42F-1ED2C68B16A4}.Release|x64.ActiveCfg = Release|x64
		{8E7279F8-F801-4672-B42F-1ED2C68B16A4}.Release|x64.Build.0 = Release|x64
		{8E7279F8-F801-4672-B42F-1ED2C68B16A4}.Release|x86.ActiveCfg = Release|Win32
		{8E7279F8-F801-4672-B42F-1ED2C68B16A4}.Release|x86.Build.0 = Release|Win32
		{2098B6C7-05B3-431B-BB84-92B22519982B}.Debug|Any CPU.ActiveCfg = Debug|Win32
		{2098B6C7-05B3-431B-BB84-92B22519982B}.Debug|Any CPU.Build.0 = Debug|Win32
		{2098B6C7-05B3-431B-BB84-92B22519982B}.Debug|ARM.ActiveCfg = Debug|Win32
		{2098B6C7-05B3-431B-BB84-92B22519982B}.Debug|ARM64.ActiveCfg = Debug|Win32
		{2098B6C7-05B3-431B-BB84-92B22519982B}.Debug|x64.ActiveCfg = Debug|x64
		{2098B6C7-05B3-431B-BB84-92B22519982B}.Debug|x64.Build.0 = Debug|x64
		{2098B6C7-05B3-431B-BB84-92B22519982B}.Debug|x86.ActiveCfg = Debug|Win32
		{2098B6C7-05B3-431B-BB84-92B22519982B}.Debug|x86.Build.0 = Debug|Win32
		{2098B6C7-05B3-431B-BB84-92B22519982B}.Release|Any CPU.ActiveCfg = Release|Win32
		{2098B6C7-05B3-431B-BB84-92B22519982B}.Release|ARM.ActiveCfg = Release|Win32
		{2098B6C7-05B3-431B-BB84-92B22519982B}.Release|ARM64.ActiveCfg = Release|Win32
		{2098B6C7-05B3-431B-BB84-92B22519982B}.Release|x64.ActiveCfg = Release|x64
		{2098B6C7-05B3-431B-BB84-92B22519982B}.Release|x64.Build.0 = Release|x64
		{2098B6C7-05B3-431B-BB84-92B22519982B}.Release|x86.ActiveCfg = Release|Win32
		{2098B6C7-05B3-431B-BB84-92B22519982B}.Release|x86.Build.0 = Release|Win32
		{95A85F6A-F038-4CC1-8AC9-058A30921A0E}.Debug|Any CPU.ActiveCfg = Debug|Any CPU
		{95A85F6A-F038-4CC1-8AC9-058A30921A0E}.Debug|Any CPU.Build.0 = Debug|Any CPU
		{95A85F6A-F038-4CC1-8AC9-058A30921A0E}.Debug|ARM.ActiveCfg = Debug|Any CPU
		{95A85F6A-F038-4CC1-8AC9-058A30921A0E}.Debug|ARM.Build.0 = Debug|Any CPU
		{95A85F6A-F038-4CC1-8AC9-058A30921A0E}.Debug|ARM64.ActiveCfg = Debug|Any CPU
		{95A85F6A-F038-4CC1-8AC9-058A30921A0E}.Debug|ARM64.Build.0 = Debug|Any CPU
		{95A85F6A-F038-4CC1-8AC9-058A30921A0E}.Debug|x64.ActiveCfg = Debug|Any CPU
		{95A85F6A-F038-4CC1-8AC9-058A30921A0E}.Debug|x64.Build.0 = Debug|Any CPU
		{95A85F6A-F038-4CC1-8AC9-058A30921A0E}.Debug|x86.ActiveCfg = Debug|Any CPU
		{95A85F6A-F038-4CC1-8AC9-058A30921A0E}.Debug|x86.Build.0 = Debug|Any CPU
		{95A85F6A-F038-4CC1-8AC9-058A30921A0E}.Release|Any CPU.ActiveCfg = Release|Any CPU
		{95A85F6A-F038-4CC1-8AC9-058A30921A0E}.Release|Any CPU.Build.0 = Release|Any CPU
		{95A85F6A-F038-4CC1-8AC9-058A30921A0E}.Release|ARM.ActiveCfg = Release|Any CPU
		{95A85F6A-F038-4CC1-8AC9-058A30921A0E}.Release|ARM.Build.0 = Release|Any CPU
		{95A85F6A-F038-4CC1-8AC9-058A30921A0E}.Release|ARM64.ActiveCfg = Release|Any CPU
		{95A85F6A-F038-4CC1-8AC9-058A30921A0E}.Release|ARM64.Build.0 = Release|Any CPU
		{95A85F6A-F038-4CC1-8AC9-058A30921A0E}.Release|x64.ActiveCfg = Release|Any CPU
		{95A85F6A-F038-4CC1-8AC9-058A30921A0E}.Release|x64.Build.0 = Release|Any CPU
		{95A85F6A-F038-4CC1-8AC9-058A30921A0E}.Release|x86.ActiveCfg = Release|Any CPU
		{95A85F6A-F038-4CC1-8AC9-058A30921A0E}.Release|x86.Build.0 = Release|Any CPU
		{F52A3BD0-37FD-4F4B-B7EB-D91B512983B0}.Debug|Any CPU.ActiveCfg = Debug|Any CPU
		{F52A3BD0-37FD-4F4B-B7EB-D91B512983B0}.Debug|Any CPU.Build.0 = Debug|Any CPU
		{F52A3BD0-37FD-4F4B-B7EB-D91B512983B0}.Debug|Any CPU.Deploy.0 = Debug|Any CPU
		{F52A3BD0-37FD-4F4B-B7EB-D91B512983B0}.Debug|ARM.ActiveCfg = Debug|Any CPU
		{F52A3BD0-37FD-4F4B-B7EB-D91B512983B0}.Debug|ARM.Build.0 = Debug|Any CPU
		{F52A3BD0-37FD-4F4B-B7EB-D91B512983B0}.Debug|ARM.Deploy.0 = Debug|Any CPU
		{F52A3BD0-37FD-4F4B-B7EB-D91B512983B0}.Debug|ARM64.ActiveCfg = Debug|Any CPU
		{F52A3BD0-37FD-4F4B-B7EB-D91B512983B0}.Debug|ARM64.Build.0 = Debug|Any CPU
		{F52A3BD0-37FD-4F4B-B7EB-D91B512983B0}.Debug|ARM64.Deploy.0 = Debug|Any CPU
		{F52A3BD0-37FD-4F4B-B7EB-D91B512983B0}.Debug|x64.ActiveCfg = Debug|Any CPU
		{F52A3BD0-37FD-4F4B-B7EB-D91B512983B0}.Debug|x64.Build.0 = Debug|Any CPU
		{F52A3BD0-37FD-4F4B-B7EB-D91B512983B0}.Debug|x64.Deploy.0 = Debug|Any CPU
		{F52A3BD0-37FD-4F4B-B7EB-D91B512983B0}.Debug|x86.ActiveCfg = Debug|Any CPU
		{F52A3BD0-37FD-4F4B-B7EB-D91B512983B0}.Debug|x86.Build.0 = Debug|Any CPU
		{F52A3BD0-37FD-4F4B-B7EB-D91B512983B0}.Debug|x86.Deploy.0 = Debug|Any CPU
		{F52A3BD0-37FD-4F4B-B7EB-D91B512983B0}.Release|Any CPU.ActiveCfg = Release|Any CPU
		{F52A3BD0-37FD-4F4B-B7EB-D91B512983B0}.Release|Any CPU.Build.0 = Release|Any CPU
		{F52A3BD0-37FD-4F4B-B7EB-D91B512983B0}.Release|Any CPU.Deploy.0 = Release|Any CPU
		{F52A3BD0-37FD-4F4B-B7EB-D91B512983B0}.Release|ARM.ActiveCfg = Release|Any CPU
		{F52A3BD0-37FD-4F4B-B7EB-D91B512983B0}.Release|ARM.Build.0 = Release|Any CPU
		{F52A3BD0-37FD-4F4B-B7EB-D91B512983B0}.Release|ARM.Deploy.0 = Release|Any CPU
		{F52A3BD0-37FD-4F4B-B7EB-D91B512983B0}.Release|ARM64.ActiveCfg = Release|Any CPU
		{F52A3BD0-37FD-4F4B-B7EB-D91B512983B0}.Release|ARM64.Build.0 = Release|Any CPU
		{F52A3BD0-37FD-4F4B-B7EB-D91B512983B0}.Release|ARM64.Deploy.0 = Release|Any CPU
		{F52A3BD0-37FD-4F4B-B7EB-D91B512983B0}.Release|x64.ActiveCfg = Release|Any CPU
		{F52A3BD0-37FD-4F4B-B7EB-D91B512983B0}.Release|x64.Build.0 = Release|Any CPU
		{F52A3BD0-37FD-4F4B-B7EB-D91B512983B0}.Release|x64.Deploy.0 = Release|Any CPU
		{F52A3BD0-37FD-4F4B-B7EB-D91B512983B0}.Release|x86.ActiveCfg = Release|Any CPU
		{F52A3BD0-37FD-4F4B-B7EB-D91B512983B0}.Release|x86.Build.0 = Release|Any CPU
		{F52A3BD0-37FD-4F4B-B7EB-D91B512983B0}.Release|x86.Deploy.0 = Release|Any CPU
		{F94F9E8A-E239-45EA-9C61-C7855C8B6F25}.Debug|Any CPU.ActiveCfg = Debug|Any CPU
		{F94F9E8A-E239-45EA-9C61-C7855C8B6F25}.Debug|Any CPU.Build.0 = Debug|Any CPU
		{F94F9E8A-E239-45EA-9C61-C7855C8B6F25}.Debug|ARM.ActiveCfg = Debug|Any CPU
		{F94F9E8A-E239-45EA-9C61-C7855C8B6F25}.Debug|ARM.Build.0 = Debug|Any CPU
		{F94F9E8A-E239-45EA-9C61-C7855C8B6F25}.Debug|ARM64.ActiveCfg = Debug|Any CPU
		{F94F9E8A-E239-45EA-9C61-C7855C8B6F25}.Debug|ARM64.Build.0 = Debug|Any CPU
		{F94F9E8A-E239-45EA-9C61-C7855C8B6F25}.Debug|x64.ActiveCfg = Debug|Any CPU
		{F94F9E8A-E239-45EA-9C61-C7855C8B6F25}.Debug|x64.Build.0 = Debug|Any CPU
		{F94F9E8A-E239-45EA-9C61-C7855C8B6F25}.Debug|x86.ActiveCfg = Debug|Any CPU
		{F94F9E8A-E239-45EA-9C61-C7855C8B6F25}.Debug|x86.Build.0 = Debug|Any CPU
		{F94F9E8A-E239-45EA-9C61-C7855C8B6F25}.Release|Any CPU.ActiveCfg = Release|Any CPU
		{F94F9E8A-E239-45EA-9C61-C7855C8B6F25}.Release|Any CPU.Build.0 = Release|Any CPU
		{F94F9E8A-E239-45EA-9C61-C7855C8B6F25}.Release|ARM.ActiveCfg = Release|Any CPU
		{F94F9E8A-E239-45EA-9C61-C7855C8B6F25}.Release|ARM.Build.0 = Release|Any CPU
		{F94F9E8A-E239-45EA-9C61-C7855C8B6F25}.Release|ARM64.ActiveCfg = Release|Any CPU
		{F94F9E8A-E239-45EA-9C61-C7855C8B6F25}.Release|ARM64.Build.0 = Release|Any CPU
		{F94F9E8A-E239-45EA-9C61-C7855C8B6F25}.Release|x64.ActiveCfg = Release|Any CPU
		{F94F9E8A-E239-45EA-9C61-C7855C8B6F25}.Release|x64.Build.0 = Release|Any CPU
		{F94F9E8A-E239-45EA-9C61-C7855C8B6F25}.Release|x86.ActiveCfg = Release|Any CPU
		{F94F9E8A-E239-45EA-9C61-C7855C8B6F25}.Release|x86.Build.0 = Release|Any CPU
		{707296F9-6AEF-4548-A66D-4CF3E5795B1A}.Debug|Any CPU.ActiveCfg = Release|x86
		{707296F9-6AEF-4548-A66D-4CF3E5795B1A}.Debug|Any CPU.Build.0 = Release|x86
		{707296F9-6AEF-4548-A66D-4CF3E5795B1A}.Debug|ARM.ActiveCfg = Release|ARM
		{707296F9-6AEF-4548-A66D-4CF3E5795B1A}.Debug|ARM.Build.0 = Release|ARM
		{707296F9-6AEF-4548-A66D-4CF3E5795B1A}.Debug|ARM64.ActiveCfg = Release|ARM64
		{707296F9-6AEF-4548-A66D-4CF3E5795B1A}.Debug|ARM64.Build.0 = Release|ARM64
		{707296F9-6AEF-4548-A66D-4CF3E5795B1A}.Debug|x64.ActiveCfg = Release|x64
		{707296F9-6AEF-4548-A66D-4CF3E5795B1A}.Debug|x64.Build.0 = Release|x64
		{707296F9-6AEF-4548-A66D-4CF3E5795B1A}.Debug|x86.ActiveCfg = Release|x86
		{707296F9-6AEF-4548-A66D-4CF3E5795B1A}.Debug|x86.Build.0 = Release|x86
		{707296F9-6AEF-4548-A66D-4CF3E5795B1A}.Release|Any CPU.ActiveCfg = Release|x86
		{707296F9-6AEF-4548-A66D-4CF3E5795B1A}.Release|ARM.ActiveCfg = Release|ARM
		{707296F9-6AEF-4548-A66D-4CF3E5795B1A}.Release|ARM.Build.0 = Release|ARM
		{707296F9-6AEF-4548-A66D-4CF3E5795B1A}.Release|ARM64.ActiveCfg = Release|ARM64
		{707296F9-6AEF-4548-A66D-4CF3E5795B1A}.Release|ARM64.Build.0 = Release|ARM64
		{707296F9-6AEF-4548-A66D-4CF3E5795B1A}.Release|x64.ActiveCfg = Release|x64
		{707296F9-6AEF-4548-A66D-4CF3E5795B1A}.Release|x64.Build.0 = Release|x64
		{707296F9-6AEF-4548-A66D-4CF3E5795B1A}.Release|x86.ActiveCfg = Release|x86
		{707296F9-6AEF-4548-A66D-4CF3E5795B1A}.Release|x86.Build.0 = Release|x86
		{A1D82248-9B00-4269-9867-86A5C89C1966}.Debug|Any CPU.ActiveCfg = Debug|Win32
		{A1D82248-9B00-4269-9867-86A5C89C1966}.Debug|ARM.ActiveCfg = Debug|Win32
		{A1D82248-9B00-4269-9867-86A5C89C1966}.Debug|ARM64.ActiveCfg = Debug|Win32
		{A1D82248-9B00-4269-9867-86A5C89C1966}.Debug|x64.ActiveCfg = Debug|x64
		{A1D82248-9B00-4269-9867-86A5C89C1966}.Debug|x64.Build.0 = Debug|x64
		{A1D82248-9B00-4269-9867-86A5C89C1966}.Debug|x86.ActiveCfg = Debug|Win32
		{A1D82248-9B00-4269-9867-86A5C89C1966}.Debug|x86.Build.0 = Debug|Win32
		{A1D82248-9B00-4269-9867-86A5C89C1966}.Release|Any CPU.ActiveCfg = Release|Win32
		{A1D82248-9B00-4269-9867-86A5C89C1966}.Release|ARM.ActiveCfg = Release|Win32
		{A1D82248-9B00-4269-9867-86A5C89C1966}.Release|ARM64.ActiveCfg = Release|Win32
		{A1D82248-9B00-4269-9867-86A5C89C1966}.Release|x64.ActiveCfg = Release|x64
		{A1D82248-9B00-4269-9867-86A5C89C1966}.Release|x64.Build.0 = Release|x64
		{A1D82248-9B00-4269-9867-86A5C89C1966}.Release|x86.ActiveCfg = Release|Win32
		{A1D82248-9B00-4269-9867-86A5C89C1966}.Release|x86.Build.0 = Release|Win32
	EndGlobalSection
	GlobalSection(SolutionProperties) = preSolution
		HideSolutionNode = FALSE
	EndGlobalSection
	GlobalSection(NestedProjects) = preSolution
		{B3A225B9-1A79-4330-9B4E-A3C4E07BBEAB} = {981A6663-3ACC-4F76-A230-AFF4D98EC79D}
		{C91E7A4E-965F-4031-9D6C-5A2BFEB0887A} = {DE3759A2-7441-4C30-8B56-020ABA09EF1C}
		{5EFD9769-F126-4EAE-A361-BA992D2C69EF} = {DE3759A2-7441-4C30-8B56-020ABA09EF1C}
		{BDC1D107-DE17-4705-8E7B-CDDE8BFB2BF8} = {C91E7A4E-965F-4031-9D6C-5A2BFEB0887A}
		{7A473BF1-AE5D-47FF-878E-E49112561CA3} = {981A6663-3ACC-4F76-A230-AFF4D98EC79D}
		{470BD53A-6967-40AF-B88E-9AC2A56828B4} = {5EFD9769-F126-4EAE-A361-BA992D2C69EF}
		{B47A5F12-2567-44E9-AE49-35763EC82149} = {C91E7A4E-965F-4031-9D6C-5A2BFEB0887A}
		{0B3816AC-CB04-44D7-83CF-5F0E438DE302} = {5EFD9769-F126-4EAE-A361-BA992D2C69EF}
		{F846B396-F405-4A1C-B8F5-439CA047441C} = {33F17ABB-DBB3-4FD9-BECB-E2DF7076ED6C}
		{658C140F-2E73-4E22-80A7-F05DF0A83318} = {BD5045FD-8BF0-421D-8252-4F30679ECDDC}
		{D7856971-D877-4CB1-A08C-C2A763EBFAD1} = {BD5045FD-8BF0-421D-8252-4F30679ECDDC}
		{8E7279F8-F801-4672-B42F-1ED2C68B16A4} = {BD5045FD-8BF0-421D-8252-4F30679ECDDC}
		{2098B6C7-05B3-431B-BB84-92B22519982B} = {BD5045FD-8BF0-421D-8252-4F30679ECDDC}
		{33F17ABB-DBB3-4FD9-BECB-E2DF7076ED6C} = {981A6663-3ACC-4F76-A230-AFF4D98EC79D}
		{95A85F6A-F038-4CC1-8AC9-058A30921A0E} = {981A6663-3ACC-4F76-A230-AFF4D98EC79D}
		{F52A3BD0-37FD-4F4B-B7EB-D91B512983B0} = {33F17ABB-DBB3-4FD9-BECB-E2DF7076ED6C}
		{F94F9E8A-E239-45EA-9C61-C7855C8B6F25} = {BD5045FD-8BF0-421D-8252-4F30679ECDDC}
		{707296F9-6AEF-4548-A66D-4CF3E5795B1A} = {BD5045FD-8BF0-421D-8252-4F30679ECDDC}
		{A1D82248-9B00-4269-9867-86A5C89C1966} = {C91E7A4E-965F-4031-9D6C-5A2BFEB0887A}
	EndGlobalSection
	GlobalSection(ExtensibilityGlobals) = postSolution
		SolutionGuid = {68E571A3-7DD3-4CF8-99AE-D7BA19E9F407}
	EndGlobalSection
EndGlobal
